{
  "originHash" : "09b7c7e3769aae40390f44fd57410d4715004bee76a00752ca10a64d86a58dd0",
  "pins" : [
    {
      "identity" : "near-connect-ios",
      "kind" : "remoteSourceControl",
      "location" : "https://github.com/frol/near-connect-ios",
      "state" : {
        "branch" : "main",
        "revision" : "6b0c46a416176e1d7b3eb07f568aa92f13971f14"
      }
    }
  ],
  "version" : 3
}
