{
  "originHash" : "09b7c7e3769aae40390f44fd57410d4715004bee76a00752ca10a64d86a58dd0",
  "pins" : [
    {
      "identity" : "near-connect-ios",
      "kind" : "remoteSourceControl",
      "location" : "https://github.com/frol/near-connect-ios",
      "state" : {
        "branch" : "main",
        "revision" : "db908cd060b6d3ba45c66332b396d6258ca12f37"
      }
    }
  ],
  "version" : 3
}
